
Microsoft Visual Studio Solution File, Format Version 12.00
# Visual Studio Version 16
VisualStudioVersion = 16.0.30406.217
MinimumVisualStudioVersion = 10.0.40219.1
Project("{9A19103F-16F7-4668-BE54-9A1E7A4F7556}") = "Locadora.Domain", "src\Locadora.Domain\Locadora.Domain.csproj", "{2B2A412D-850A-4C27-8467-41C2CF6FA763}"
EndProject
Project("{2150E333-8FDC-42A3-9474-1A3956D46DE8}") = "3. Domain", "3. Domain", "{814CFF6D-3D7E-45C0-816F-69F59BF73564}"
EndProject
Project("{2150E333-8FDC-42A3-9474-1A3956D46DE8}") = "1. Distributed Services", "1. Distributed Services", "{47D64553-B01D-40EC-BED8-972DF85799DB}"
EndProject
Project("{2150E333-8FDC-42A3-9474-1A3956D46DE8}") = "2. Application", "2. Application", "{D33469FD-3C39-4A31-B6D5-496F41479656}"
EndProject
Project("{2150E333-8FDC-42A3-9474-1A3956D46DE8}") = "4. Infrastructure", "4. Infrastructure", "{784FBD9F-623F-484A-B995-64DB170B34A4}"
EndProject
Project("{2150E333-8FDC-42A3-9474-1A3956D46DE8}") = "Tests", "Tests", "{3432FF13-E86F-45DF-9ACD-ADCF755F2B98}"
EndProject
Project("{FAE04EC0-301F-11D3-BF4B-00C04F79EFBC}") = "Locadora.Api", "src\Locadora.Api\Locadora.Api.csproj", "{E343E0C5-BDBB-4F99-ACAC-15863F0D17FE}"
EndProject
Project("{FAE04EC0-301F-11D3-BF4B-00C04F79EFBC}") = "Locadora.Infra.Data", "src\Locadora.Infra.Data\Locadora.Infra.Data.csproj", "{36FB047B-3348-459F-A254-25A15F3DAF71}"
EndProject
Project("{FAE04EC0-301F-11D3-BF4B-00C04F79EFBC}") = "Locadora.Application", "src\Locadora.Application\Locadora.Application.csproj", "{F3F7089B-F6F4-4B80-AC4E-12752AF24A06}"
EndProject
Project("{FAE04EC0-301F-11D3-BF4B-00C04F79EFBC}") = "Locadora.Domain.Tests", "test\Locadora.Domain.Tests\Locadora.Domain.Tests.csproj", "{AA5E472E-C165-4977-A21B-4DD9A6C949CE}"
EndProject
Project("{FAE04EC0-301F-11D3-BF4B-00C04F79EFBC}") = "Locadora.Api.Tests", "test\Locadora.Api.Tests\Locadora.Api.Tests.csproj", "{75740712-9512-4989-9B22-C1232C87FE53}"
EndProject
Project("{FAE04EC0-301F-11D3-BF4B-00C04F79EFBC}") = "Locadora.Application.Tests", "test\Locadora.Application.Tests\Locadora.Application.Tests.csproj", "{2FAF4A0B-8240-4963-9472-093ED8EEA047}"
EndProject
Project("{FAE04EC0-301F-11D3-BF4B-00C04F79EFBC}") = "Locadora.Infra.Data.Tests", "test\Locadora.Infra.Data.Tests\Locadora.Infra.Data.Tests.csproj", "{8AA24DC5-1B94-4A63-9193-E6E5800CC17A}"
EndProject
Global
	GlobalSection(SolutionConfigurationPlatforms) = preSolution
		Debug|Any CPU = Debug|Any CPU
		Release|Any CPU = Release|Any CPU
	EndGlobalSection
	GlobalSection(ProjectConfigurationPlatforms) = postSolution
		{2B2A412D-850A-4C27-8467-41C2CF6FA763}.Debug|Any CPU.ActiveCfg = Debug|Any CPU
		{2B2A412D-850A-4C27-8467-41C2CF6FA763}.Debug|Any CPU.Build.0 = Debug|Any CPU
		{2B2A412D-850A-4C27-8467-41C2CF6FA763}.Release|Any CPU.ActiveCfg = Release|Any CPU
		{2B2A412D-850A-4C27-8467-41C2CF6FA763}.Release|Any CPU.Build.0 = Release|Any CPU
		{E343E0C5-BDBB-4F99-ACAC-15863F0D17FE}.Debug|Any CPU.ActiveCfg = Debug|Any CPU
		{E343E0C5-BDBB-4F99-ACAC-15863F0D17FE}.Debug|Any CPU.Build.0 = Debug|Any CPU
		{E343E0C5-BDBB-4F99-ACAC-15863F0D17FE}.Release|Any CPU.ActiveCfg = Release|Any CPU
		{E343E0C5-BDBB-4F99-ACAC-15863F0D17FE}.Release|Any CPU.Build.0 = Release|Any CPU
		{36FB047B-3348-459F-A254-25A15F3DAF71}.Debug|Any CPU.ActiveCfg = Debug|Any CPU
		{36FB047B-3348-459F-A254-25A15F3DAF71}.Debug|Any CPU.Build.0 = Debug|Any CPU
		{36FB047B-3348-459F-A254-25A15F3DAF71}.Release|Any CPU.ActiveCfg = Release|Any CPU
		{36FB047B-3348-459F-A254-25A15F3DAF71}.Release|Any CPU.Build.0 = Release|Any CPU
		{F3F7089B-F6F4-4B80-AC4E-12752AF24A06}.Debug|Any CPU.ActiveCfg = Debug|Any CPU
		{F3F7089B-F6F4-4B80-AC4E-12752AF24A06}.Debug|Any CPU.Build.0 = Debug|Any CPU
		{F3F7089B-F6F4-4B80-AC4E-12752AF24A06}.Release|Any CPU.ActiveCfg = Release|Any CPU
		{F3F7089B-F6F4-4B80-AC4E-12752AF24A06}.Release|Any CPU.Build.0 = Release|Any CPU
		{AA5E472E-C165-4977-A21B-4DD9A6C949CE}.Debug|Any CPU.ActiveCfg = Debug|Any CPU
		{AA5E472E-C165-4977-A21B-4DD9A6C949CE}.Debug|Any CPU.Build.0 = Debug|Any CPU
		{AA5E472E-C165-4977-A21B-4DD9A6C949CE}.Release|Any CPU.ActiveCfg = Release|Any CPU
		{AA5E472E-C165-4977-A21B-4DD9A6C949CE}.Release|Any CPU.Build.0 = Release|Any CPU
		{75740712-9512-4989-9B22-C1232C87FE53}.Debug|Any CPU.ActiveCfg = Debug|Any CPU
		{75740712-9512-4989-9B22-C1232C87FE53}.Debug|Any CPU.Build.0 = Debug|Any CPU
		{75740712-9512-4989-9B22-C1232C87FE53}.Release|Any CPU.ActiveCfg = Release|Any CPU
		{75740712-9512-4989-9B22-C1232C87FE53}.Release|Any CPU.Build.0 = Release|Any CPU
		{2FAF4A0B-8240-4963-9472-093ED8EEA047}.Debug|Any CPU.ActiveCfg = Debug|Any CPU
		{2FAF4A0B-8240-4963-9472-093ED8EEA047}.Debug|Any CPU.Build.0 = Debug|Any CPU
		{2FAF4A0B-8240-4963-9472-093ED8EEA047}.Release|Any CPU.ActiveCfg = Release|Any CPU
		{2FAF4A0B-8240-4963-9472-093ED8EEA047}.Release|Any CPU.Build.0 = Release|Any CPU
		{8AA24DC5-1B94-4A63-9193-E6E5800CC17A}.Debug|Any CPU.ActiveCfg = Debug|Any CPU
		{8AA24DC5-1B94-4A63-9193-E6E5800CC17A}.Debug|Any CPU.Build.0 = Debug|Any CPU
		{8AA24DC5-1B94-4A63-9193-E6E5800CC17A}.Release|Any CPU.ActiveCfg = Release|Any CPU
		{8AA24DC5-1B94-4A63-9193-E6E5800CC17A}.Release|Any CPU.Build.0 = Release|Any CPU
	EndGlobalSection
	GlobalSection(SolutionProperties) = preSolution
		HideSolutionNode = FALSE
	EndGlobalSection
	GlobalSection(NestedProjects) = preSolution
		{2B2A412D-850A-4C27-8467-41C2CF6FA763} = {814CFF6D-3D7E-45C0-816F-69F59BF73564}
		{E343E0C5-BDBB-4F99-ACAC-15863F0D17FE} = {47D64553-B01D-40EC-BED8-972DF85799DB}
		{36FB047B-3348-459F-A254-25A15F3DAF71} = {784FBD9F-623F-484A-B995-64DB170B34A4}
		{F3F7089B-F6F4-4B80-AC4E-12752AF24A06} = {D33469FD-3C39-4A31-B6D5-496F41479656}
		{AA5E472E-C165-4977-A21B-4DD9A6C949CE} = {3432FF13-E86F-45DF-9ACD-ADCF755F2B98}
		{75740712-9512-4989-9B22-C1232C87FE53} = {3432FF13-E86F-45DF-9ACD-ADCF755F2B98}
		{2FAF4A0B-8240-4963-9472-093ED8EEA047} = {3432FF13-E86F-45DF-9ACD-ADCF755F2B98}
		{8AA24DC5-1B94-4A63-9193-E6E5800CC17A} = {3432FF13-E86F-45DF-9ACD-ADCF755F2B98}
	EndGlobalSection
	GlobalSection(ExtensibilityGlobals) = postSolution
		SolutionGuid = {0AFDDA7C-D44B-419B-9FA4-3F20F662CCA4}
	EndGlobalSection
EndGlobal
